
Microsoft Visual Studio Solution File, Format Version 12.00
# Visual Studio Version 16
VisualStudioVersion = 16.0.29009.5
MinimumVisualStudioVersion = 10.0.40219.1
Project("{FAE04EC0-301F-11D3-BF4B-00C04F79EFBC}") = "School", "School\School.csproj", "{EBB5061C-E695-4242-8795-049D2442291C}"
EndProject
Global
	GlobalSection(SolutionConfigurationPlatforms) = preSolution
		Debug|Any CPU = Debug|Any CPU
		Release|Any CPU = Release|Any CPU
	EndGlobalSection
	GlobalSection(ProjectConfigurationPlatforms) = postSolution
		{EBB5061C-E695-4242-8795-049D2442291C}.Debug|Any CPU.ActiveCfg = Debug|Any CPU
		{EBB5061C-E695-4242-8795-049D2442291C}.Debug|Any CPU.Build.0 = Debug|Any CPU
		{EBB5061C-E695-4242-8795-049D2442291C}.Release|Any CPU.ActiveCfg = Release|Any CPU
		{EBB5061C-E695-4242-8795-049D2442291C}.Release|Any CPU.Build.0 = Release|Any CPU
	EndGlobalSection
	GlobalSection(SolutionProperties) = preSolution
		HideSolutionNode = FALSE
	EndGlobalSection
	GlobalSection(ExtensibilityGlobals) = postSolution
		SolutionGuid = {70966BEB-4667-4677-A6B9-EF975D75833C}
	EndGlobalSection
EndGlobal
